<?xml version="1.0" encoding="utf-8"?>
<Project ToolsVersion="4.0" xmlns="http://schemas.microsoft.com/developer/msbuild/2003">
  <ItemGroup>
    <Filter Include="Source Files">
      <UniqueIdentifier>{4FC737F1-C7A5-4376-A066-2A32D752A2FF}</UniqueIdentifier>
      <Extensions>cpp;c;cc;cxx;c++;cppm;ixx;def;odl;idl;hpj;bat;asm;asmx</Extensions>
    </Filter>
    <Filter Include="Header Files">
      <UniqueIdentifier>{93995380-89BD-4b04-88EB-625FBE52EBFB}</UniqueIdentifier>
      <Extensions>h;hh;hpp;hxx;h++;hm;inl;inc;ipp;xsd</Extensions>
    </Filter>
    <Filter Include="Resource Files">
      <UniqueIdentifier>{67DA6AB6-F800-4c08-8B7A-83BB121AAD01}</UniqueIdentifier>
      <Extensions>rc;ico;cur;bmp;dlg;rc2;rct;bin;rgs;gif;jpg;jpeg;jpe;resx;tiff;tif;png;wav;mfcribbon-ms</Extensions>
    </Filter>
  </ItemGroup>
  <ItemGroup>
    <ClCompile Include="SourceFiles\shape.cpp">
      <Filter>Source Files</Filter>
    </ClCompile>
    <ClCompile Include="SourceFiles\ShapePlotter.cpp">
      <Filter>Source Files</Filter>
    </ClCompile>
    <ClCompile Include="SourceFiles\circle.cpp">
      <Filter>Source Files</Filter>
    </ClCompile>
    <ClCompile Include="SourceFiles\communicator.cpp">
      <Filter>Source Files</Filter>
    </ClCompile>
    <ClCompile Include="SourceFiles\input.cpp">
      <Filter>Source Files</Filter>
    </ClCompile>
    <ClCompile Include="SourceFiles\line.cpp">
      <Filter>Source Files</Filter>
    </ClCompile>
    <ClCompile Include="SourceFiles\manager.cpp">
      <Filter>Source Files</Filter>
    </ClCompile>
    <ClCompile Include="SourceFiles\point.cpp">
      <Filter>Source Files</Filter>
    </ClCompile>
    <ClCompile Include="SourceFiles\polygon.cpp">
      <Filter>Source Files</Filter>
    </ClCompile>
    <ClCompile Include="SourceFiles\read.cpp">
      <Filter>Source Files</Filter>
    </ClCompile>
    <ClCompile Include="SourceFiles\rectangle.cpp">
      <Filter>Source Files</Filter>
    </ClCompile>
    <ClCompile Include="SourceFiles\square.cpp">
      <Filter>Source Files</Filter>
    </ClCompile>
    <ClCompile Include="SourceFiles\triangle.cpp">
      <Filter>Source Files</Filter>
    </ClCompile>
    <ClCompile Include="SourceFiles\write.cpp">
      <Filter>Source Files</Filter>
    </ClCompile>
  </ItemGroup>
  <ItemGroup>
    <ClInclude Include="HeaderFiles\shape.h">
      <Filter>Header Files</Filter>
    </ClInclude>
    <ClInclude Include="HeaderFiles\circle.h">
      <Filter>Header Files</Filter>
    </ClInclude>
    <ClInclude Include="HeaderFiles\communicator.h">
      <Filter>Header Files</Filter>
    </ClInclude>
    <ClInclude Include="HeaderFiles\input.h">
      <Filter>Header Files</Filter>
    </ClInclude>
    <ClInclude Include="HeaderFiles\line.h">
      <Filter>Header Files</Filter>
    </ClInclude>
    <ClInclude Include="HeaderFiles\manager.h">
      <Filter>Header Files</Filter>
    </ClInclude>
    <ClInclude Include="HeaderFiles\point.h">
      <Filter>Header Files</Filter>
    </ClInclude>
    <ClInclude Include="HeaderFiles\polygon.h">
      <Filter>Header Files</Filter>
    </ClInclude>
    <ClInclude Include="HeaderFiles\read.h">
      <Filter>Header Files</Filter>
    </ClInclude>
    <ClInclude Include="HeaderFiles\rectangle.h">
      <Filter>Header Files</Filter>
    </ClInclude>
    <ClInclude Include="HeaderFiles\square.h">
      <Filter>Header Files</Filter>
    </ClInclude>
    <ClInclude Include="HeaderFiles\triangle.h">
      <Filter>Header Files</Filter>
    </ClInclude>
    <ClInclude Include="HeaderFiles\write.h">
      <Filter>Header Files</Filter>
    </ClInclude>
  </ItemGroup>
</Project>